<?xml version="1.0" encoding="UTF-8"?>
<CONFIG>
  <ProjectOptions>
    <Version Value="12"/>
    <PathDelim Value="\"/>
    <General>
      <SessionStorage Value="InProjectDir"/>
      <Title Value="gerenciador"/>
      <Scaled Value="True"/>
      <ResourceType Value="res"/>
      <UseXPManifest Value="True"/>
      <XPManifest>
        <DpiAware Value="True"/>
      </XPManifest>
      <Icon Value="0"/>
    </General>
    <BuildModes>
      <Item Name="Default" Default="True"/>
    </BuildModes>
    <PublishOptions>
      <Version Value="2"/>
      <UseFileFilters Value="True"/>
    </PublishOptions>
    <RunParams>
      <FormatVersion Value="2"/>
    </RunParams>
    <RequiredPackages>
      <Item>
        <PackageName Value="SdpoSerialLaz"/>
      </Item>
      <Item>
        <PackageName Value="industrial"/>
      </Item>
      <Item>
        <PackageName Value="laz_synapse"/>
      </Item>
      <Item>
        <PackageName Value="pkg_gifanim"/>
      </Item>
      <Item>
        <PackageName Value="SdpoJoystickLaz"/>
      </Item>
      <Item>
        <PackageName Value="lnetvisual"/>
      </Item>
      <Item>
        <PackageName Value="FCL"/>
      </Item>
      <Item>
        <PackageName Value="LazSerialPort"/>
      </Item>
      <Item>
        <PackageName Value="zcomponent"/>
      </Item>
      <Item>
        <PackageName Value="lnetbase"/>
      </Item>
      <Item>
        <PackageName Value="SynEdit"/>
      </Item>
      <Item>
        <PackageName Value="LCL"/>
      </Item>
    </RequiredPackages>
    <Units>
      <Unit>
        <Filename Value="gerenciador.lpr"/>
        <IsPartOfProject Value="True"/>
      </Unit>
      <Unit>
        <Filename Value="main.pas"/>
        <IsPartOfProject Value="True"/>
        <ComponentName Value="frmmain"/>
        <HasResources Value="True"/>
        <ResourceBaseClass Value="Form"/>
      </Unit>
      <Unit>
        <Filename Value="setmain.pas"/>
        <IsPartOfProject Value="True"/>
      </Unit>
      <Unit>
        <Filename Value="toolsfalar.pas"/>
        <IsPartOfProject Value="True"/>
        <ComponentName Value="frmToolsfalar"/>
        <HasResources Value="True"/>
        <ResourceBaseClass Value="Form"/>
      </Unit>
      <Unit>
        <Filename Value="funcoes.pas"/>
        <IsPartOfProject Value="True"/>
      </Unit>
      <Unit>
        <Filename Value="config.pas"/>
        <IsPartOfProject Value="True"/>
        <ComponentName Value="frmconfig"/>
        <HasResources Value="True"/>
        <ResourceBaseClass Value="Form"/>
      </Unit>
      <Unit>
        <Filename Value="banco.pas"/>
        <IsPartOfProject Value="True"/>
        <ComponentName Value="dmbanco"/>
        <HasResources Value="True"/>
        <ResourceBaseClass Value="DataModule"/>
      </Unit>
      <Unit>
        <Filename Value="cfgspeak.pas"/>
        <IsPartOfProject Value="True"/>
        <ComponentName Value="frmcfgspeak"/>
        <HasResources Value="True"/>
        <ResourceBaseClass Value="Form"/>
      </Unit>
      <Unit>
        <Filename Value="cfgbanco.pas"/>
        <IsPartOfProject Value="True"/>
        <ComponentName Value="frmcfgBanco"/>
        <HasResources Value="True"/>
        <ResourceBaseClass Value="Form"/>
        <UnitName Value="cfgBanco"/>
      </Unit>
      <Unit>
        <Filename Value="bloqueio.pas"/>
        <IsPartOfProject Value="True"/>
        <ComponentName Value="frmBloqueio"/>
        <HasResources Value="True"/>
        <ResourceBaseClass Value="Form"/>
      </Unit>
      <Unit>
        <Filename Value="opamostragem.pas"/>
        <IsPartOfProject Value="True"/>
        <ComponentName Value="frmOpAmostragem"/>
        <HasResources Value="True"/>
        <ResourceBaseClass Value="Form"/>
        <UnitName Value="OpAmostragem"/>
      </Unit>
      <Unit>
        <Filename Value="imp.pas"/>
        <IsPartOfProject Value="True"/>
      </Unit>
      <Unit>
        <Filename Value="imp_elgini9.pas"/>
        <IsPartOfProject Value="True"/>
        <UnitName Value="imp_ELGINI9"/>
      </Unit>
      <Unit>
        <Filename Value="imp_generico.pas"/>
        <IsPartOfProject Value="True"/>
      </Unit>
      <Unit>
        <Filename Value="imp_qr203.pas"/>
        <IsPartOfProject Value="True"/>
      </Unit>
      <Unit>
        <Filename Value="cfgimp.pas"/>
        <IsPartOfProject Value="True"/>
        <ComponentName Value="frmcfgImp"/>
        <HasResources Value="True"/>
        <ResourceBaseClass Value="Form"/>
        <UnitName Value="cfgImp"/>
      </Unit>
      <Unit>
        <Filename Value="etiquetar.pas"/>
        <IsPartOfProject Value="True"/>
        <ComponentName Value="frmEtiquetar"/>
        <HasResources Value="True"/>
        <ResourceBaseClass Value="Form"/>
        <UnitName Value="Etiquetar"/>
      </Unit>
      <Unit>
        <Filename Value="pesqpacientes.pas"/>
        <IsPartOfProject Value="True"/>
        <ComponentName Value="frmPesqPacientes"/>
        <HasResources Value="True"/>
        <ResourceBaseClass Value="Form"/>
        <UnitName Value="PesqPacientes"/>
      </Unit>
      <Unit>
        <Filename Value="pesqtipoexames.pas"/>
        <IsPartOfProject Value="True"/>
        <ComponentName Value="frmPesqTipoExames"/>
        <HasResources Value="True"/>
        <ResourceBaseClass Value="Form"/>
        <UnitName Value="PesqTipoExames"/>
      </Unit>
      <Unit>
        <Filename Value="chatgpt.pas"/>
        <IsPartOfProject Value="True"/>
      </Unit>
      <Unit>
        <Filename Value="toolsouvir.pas"/>
        <IsPartOfProject Value="True"/>
        <ComponentName Value="frmToolsOuvir"/>
        <HasResources Value="True"/>
        <ResourceBaseClass Value="Form"/>
        <UnitName Value="ToolsOuvir"/>
      </Unit>
      <Unit>
        <Filename Value="toolsver.pas"/>
        <IsPartOfProject Value="True"/>
        <ComponentName Value="frmToolsver"/>
        <ResourceBaseClass Value="Form"/>
      </Unit>
      <Unit>
        <Filename Value="brobotico.pas"/>
        <IsPartOfProject Value="True"/>
        <ComponentName Value="frmbrobotico"/>
        <HasResources Value="True"/>
        <ResourceBaseClass Value="Form"/>
      </Unit>
      <Unit>
        <Filename Value="splash.pas"/>
        <IsPartOfProject Value="True"/>
        <ComponentName Value="frmsplash"/>
        <HasResources Value="True"/>
        <ResourceBaseClass Value="Form"/>
      </Unit>
      <Unit>
        <Filename Value="log.pas"/>
        <IsPartOfProject Value="True"/>
        <ComponentName Value="frmLog"/>
        <HasResources Value="True"/>
        <ResourceBaseClass Value="Form"/>
      </Unit>
      <Unit>
        <Filename Value="aguarde.pas"/>
        <IsPartOfProject Value="True"/>
        <ComponentName Value="frmAguarde"/>
        <HasResources Value="True"/>
        <ResourceBaseClass Value="Form"/>
      </Unit>
      <Unit>
        <Filename Value="receitas.pas"/>
        <IsPartOfProject Value="True"/>
        <ComponentName Value="frmreceitas"/>
        <ResourceBaseClass Value="Form"/>
      </Unit>
    </Units>
  </ProjectOptions>
  <CompilerOptions>
    <Version Value="11"/>
    <PathDelim Value="\"/>
    <Target>
      <Filename Value="gerenciador"/>
    </Target>
    <SearchPaths>
      <IncludeFiles Value="$(ProjOutDir)"/>
      <UnitOutputDirectory Value="lib\$(TargetCPU)-$(TargetOS)"/>
    </SearchPaths>
    <Linking>
      <Debugging>
        <DebugInfoType Value="dsDwarf2Set"/>
      </Debugging>
      <Options>
        <Win32>
          <GraphicApplication Value="True"/>
        </Win32>
      </Options>
    </Linking>
  </CompilerOptions>
  <Debugging>
    <Exceptions>
      <Item>
        <Name Value="EAbort"/>
      </Item>
      <Item>
        <Name Value="ECodetoolError"/>
      </Item>
      <Item>
        <Name Value="EFOpenError"/>
      </Item>
      <Item>
        <Name Value="EReadError"/>
      </Item>
    </Exceptions>
  </Debugging>
</CONFIG>
